{
<<<<<<< HEAD
  "name": "groceryapp",
  "version": "1.0.0",
  "lockfileVersion": 3,
  "requires": true,
  "packages": {
    "": {
      "name": "groceryapp",
      "version": "1.0.0",
      "license": "ISC"
    }
  }
}

=======
  "name": "Groceryapp",
  "lockfileVersion": 3,
  "requires": true,
  "packages": {}
}
>>>>>>> ba06f374aa7670770f1c1c613c37b3080b450aa9
